
Microsoft Visual Studio Solution File, Format Version 12.00
# Visual Studio Version 17
VisualStudioVersion = 17.5.33424.131
MinimumVisualStudioVersion = 10.0.40219.1
Project("{FAE04EC0-301F-11D3-BF4B-00C04F79EFBC}") = "UploadAPI", "UploadAPI\UploadAPI.csproj", "{B808D4C8-3B9C-4D72-9DFD-6D086470DFD8}"
EndProject
Global
	GlobalSection(SolutionConfigurationPlatforms) = preSolution
		Debug|Any CPU = Debug|Any CPU
		Release|Any CPU = Release|Any CPU
	EndGlobalSection
	GlobalSection(ProjectConfigurationPlatforms) = postSolution
		{B808D4C8-3B9C-4D72-9DFD-6D086470DFD8}.Debug|Any CPU.ActiveCfg = Debug|Any CPU
		{B808D4C8-3B9C-4D72-9DFD-6D086470DFD8}.Debug|Any CPU.Build.0 = Debug|Any CPU
		{B808D4C8-3B9C-4D72-9DFD-6D086470DFD8}.Release|Any CPU.ActiveCfg = Release|Any CPU
		{B808D4C8-3B9C-4D72-9DFD-6D086470DFD8}.Release|Any CPU.Build.0 = Release|Any CPU
	EndGlobalSection
	GlobalSection(SolutionProperties) = preSolution
		HideSolutionNode = FALSE
	EndGlobalSection
	GlobalSection(ExtensibilityGlobals) = postSolution
		SolutionGuid = {A77F5A11-C245-49D3-903E-992DF862BB2D}
	EndGlobalSection
EndGlobal
